
Microsoft Visual Studio Solution File, Format Version 12.00
# Visual Studio Version 16
VisualStudioVersion = 16.0.31624.102
MinimumVisualStudioVersion = 10.0.40219.1
Project("{8BC9CEB8-8B4A-11D0-8D11-00A0C91BC942}") = "KEngine", "KEngine\KEngine.vcxproj", "{A546440A-157C-4F7C-89BF-C930AFDFAD37}"
EndProject
Project("{8BC9CEB8-8B4A-11D0-8D11-00A0C91BC942}") = "Map", "TestLib\TestLib.vcxproj", "{B8C4F900-9145-402B-9B90-68F0C8D884A9}"
	ProjectSection(ProjectDependencies) = postProject
		{A546440A-157C-4F7C-89BF-C930AFDFAD37} = {A546440A-157C-4F7C-89BF-C930AFDFAD37}
	EndProjectSection
EndProject
Project("{2150E333-8FDC-42A3-9474-1A3956D46DE8}") = "입실 퇴실 꼭 찍어라", "입실 퇴실 꼭 찍어라", "{23238899-643A-45F3-8FA8-3395DEAE2951}"
EndProject
Project("{8BC9CEB8-8B4A-11D0-8D11-00A0C91BC942}") = "VertexBuffer", "VertexBuffer\VertexBuffer.vcxproj", "{E97D8AA5-F60B-45F5-82D5-1EEBB734ADCE}"
EndProject
Project("{8BC9CEB8-8B4A-11D0-8D11-00A0C91BC942}") = "CameraTest", "CameraTest\CameraTest.vcxproj", "{4BCB7DBC-658D-406A-B272-045D7023B050}"
EndProject
Project("{8BC9CEB8-8B4A-11D0-8D11-00A0C91BC942}") = "IndexBuffer", "IndexBuffer\IndexBuffer.vcxproj", "{27C617A3-36A6-47B0-BCBB-2087E57949C4}"
EndProject
Project("{8BC9CEB8-8B4A-11D0-8D11-00A0C91BC942}") = "QuadTree", "QuadTree\QuadTree.vcxproj", "{95FD5109-ACDE-480F-8F0A-6235A3D6FA63}"
EndProject
Project("{8BC9CEB8-8B4A-11D0-8D11-00A0C91BC942}") = "TestSample", "TestSample\TestSample.vcxproj", "{EFCA3B82-36B0-42B9-8341-E6EABCEDAB39}"
EndProject
Project("{8BC9CEB8-8B4A-11D0-8D11-00A0C91BC942}") = "VertexTransfrom", "VertexTransfrom\VertexTransfrom.vcxproj", "{9A84F66C-09A0-4C9F-BEF9-42A30A94F11B}"
EndProject
Project("{8BC9CEB8-8B4A-11D0-8D11-00A0C91BC942}") = "BaseSamPle1", "BaseSamPle1\BaseSamPle1.vcxproj", "{51E8FFE9-AA0E-4A3D-AF57-9E3D9C87ACBE}"
EndProject
Project("{8BC9CEB8-8B4A-11D0-8D11-00A0C91BC942}") = "FBX_Obj", "FBX_Obj\FBX_Obj.vcxproj", "{AE8497A4-162C-4C3B-9801-D604074ABA71}"
EndProject
Project("{8BC9CEB8-8B4A-11D0-8D11-00A0C91BC942}") = "FBX_SAMPLE1_Test", "FBX_SAMPLE1_Test\FBX_SAMPLE1_Test.vcxproj", "{EE93B748-21FE-42A9-BAE6-985759413293}"
EndProject
Project("{8BC9CEB8-8B4A-11D0-8D11-00A0C91BC942}") = "FBX_Ani", "FBX_Ani\FBX_Ani.vcxproj", "{FC22026C-CD60-4CE0-923D-23227FB44562}"
EndProject
Project("{8BC9CEB8-8B4A-11D0-8D11-00A0C91BC942}") = "FBX_Shader", "FBX_Shader\FBX_Shader.vcxproj", "{83CEE348-44CF-495B-8070-A263A8DBBC11}"
EndProject
Project("{8BC9CEB8-8B4A-11D0-8D11-00A0C91BC942}") = "DataStructure", "DataStructure\DataStructure.vcxproj", "{335D483D-552A-4DA2-9B19-7E1CAC2539E1}"
EndProject
Global
	GlobalSection(SolutionConfigurationPlatforms) = preSolution
		Debug|x64 = Debug|x64
		Debug|x86 = Debug|x86
		Release|x64 = Release|x64
		Release|x86 = Release|x86
	EndGlobalSection
	GlobalSection(ProjectConfigurationPlatforms) = postSolution
		{A546440A-157C-4F7C-89BF-C930AFDFAD37}.Debug|x64.ActiveCfg = Debug|x64
		{A546440A-157C-4F7C-89BF-C930AFDFAD37}.Debug|x64.Build.0 = Debug|x64
		{A546440A-157C-4F7C-89BF-C930AFDFAD37}.Debug|x86.ActiveCfg = Debug|Win32
		{A546440A-157C-4F7C-89BF-C930AFDFAD37}.Debug|x86.Build.0 = Debug|Win32
		{A546440A-157C-4F7C-89BF-C930AFDFAD37}.Release|x64.ActiveCfg = Release|x64
		{A546440A-157C-4F7C-89BF-C930AFDFAD37}.Release|x64.Build.0 = Release|x64
		{A546440A-157C-4F7C-89BF-C930AFDFAD37}.Release|x86.ActiveCfg = Release|Win32
		{A546440A-157C-4F7C-89BF-C930AFDFAD37}.Release|x86.Build.0 = Release|Win32
		{B8C4F900-9145-402B-9B90-68F0C8D884A9}.Debug|x64.ActiveCfg = Debug|x64
		{B8C4F900-9145-402B-9B90-68F0C8D884A9}.Debug|x64.Build.0 = Debug|x64
		{B8C4F900-9145-402B-9B90-68F0C8D884A9}.Debug|x86.ActiveCfg = Debug|Win32
		{B8C4F900-9145-402B-9B90-68F0C8D884A9}.Debug|x86.Build.0 = Debug|Win32
		{B8C4F900-9145-402B-9B90-68F0C8D884A9}.Release|x64.ActiveCfg = Release|x64
		{B8C4F900-9145-402B-9B90-68F0C8D884A9}.Release|x64.Build.0 = Release|x64
		{B8C4F900-9145-402B-9B90-68F0C8D884A9}.Release|x86.ActiveCfg = Release|Win32
		{B8C4F900-9145-402B-9B90-68F0C8D884A9}.Release|x86.Build.0 = Release|Win32
		{E97D8AA5-F60B-45F5-82D5-1EEBB734ADCE}.Debug|x64.ActiveCfg = Debug|x64
		{E97D8AA5-F60B-45F5-82D5-1EEBB734ADCE}.Debug|x64.Build.0 = Debug|x64
		{E97D8AA5-F60B-45F5-82D5-1EEBB734ADCE}.Debug|x86.ActiveCfg = Debug|Win32
		{E97D8AA5-F60B-45F5-82D5-1EEBB734ADCE}.Debug|x86.Build.0 = Debug|Win32
		{E97D8AA5-F60B-45F5-82D5-1EEBB734ADCE}.Release|x64.ActiveCfg = Release|x64
		{E97D8AA5-F60B-45F5-82D5-1EEBB734ADCE}.Release|x64.Build.0 = Release|x64
		{E97D8AA5-F60B-45F5-82D5-1EEBB734ADCE}.Release|x86.ActiveCfg = Release|Win32
		{E97D8AA5-F60B-45F5-82D5-1EEBB734ADCE}.Release|x86.Build.0 = Release|Win32
		{4BCB7DBC-658D-406A-B272-045D7023B050}.Debug|x64.ActiveCfg = Debug|x64
		{4BCB7DBC-658D-406A-B272-045D7023B050}.Debug|x64.Build.0 = Debug|x64
		{4BCB7DBC-658D-406A-B272-045D7023B050}.Debug|x86.ActiveCfg = Debug|Win32
		{4BCB7DBC-658D-406A-B272-045D7023B050}.Debug|x86.Build.0 = Debug|Win32
		{4BCB7DBC-658D-406A-B272-045D7023B050}.Release|x64.ActiveCfg = Release|x64
		{4BCB7DBC-658D-406A-B272-045D7023B050}.Release|x64.Build.0 = Release|x64
		{4BCB7DBC-658D-406A-B272-045D7023B050}.Release|x86.ActiveCfg = Release|Win32
		{4BCB7DBC-658D-406A-B272-045D7023B050}.Release|x86.Build.0 = Release|Win32
		{27C617A3-36A6-47B0-BCBB-2087E57949C4}.Debug|x64.ActiveCfg = Debug|x64
		{27C617A3-36A6-47B0-BCBB-2087E57949C4}.Debug|x64.Build.0 = Debug|x64
		{27C617A3-36A6-47B0-BCBB-2087E57949C4}.Debug|x86.ActiveCfg = Debug|Win32
		{27C617A3-36A6-47B0-BCBB-2087E57949C4}.Debug|x86.Build.0 = Debug|Win32
		{27C617A3-36A6-47B0-BCBB-2087E57949C4}.Release|x64.ActiveCfg = Release|x64
		{27C617A3-36A6-47B0-BCBB-2087E57949C4}.Release|x64.Build.0 = Release|x64
		{27C617A3-36A6-47B0-BCBB-2087E57949C4}.Release|x86.ActiveCfg = Release|Win32
		{27C617A3-36A6-47B0-BCBB-2087E57949C4}.Release|x86.Build.0 = Release|Win32
		{95FD5109-ACDE-480F-8F0A-6235A3D6FA63}.Debug|x64.ActiveCfg = Debug|x64
		{95FD5109-ACDE-480F-8F0A-6235A3D6FA63}.Debug|x64.Build.0 = Debug|x64
		{95FD5109-ACDE-480F-8F0A-6235A3D6FA63}.Debug|x86.ActiveCfg = Debug|Win32
		{95FD5109-ACDE-480F-8F0A-6235A3D6FA63}.Debug|x86.Build.0 = Debug|Win32
		{95FD5109-ACDE-480F-8F0A-6235A3D6FA63}.Release|x64.ActiveCfg = Release|x64
		{95FD5109-ACDE-480F-8F0A-6235A3D6FA63}.Release|x64.Build.0 = Release|x64
		{95FD5109-ACDE-480F-8F0A-6235A3D6FA63}.Release|x86.ActiveCfg = Release|Win32
		{95FD5109-ACDE-480F-8F0A-6235A3D6FA63}.Release|x86.Build.0 = Release|Win32
		{EFCA3B82-36B0-42B9-8341-E6EABCEDAB39}.Debug|x64.ActiveCfg = Debug|x64
		{EFCA3B82-36B0-42B9-8341-E6EABCEDAB39}.Debug|x64.Build.0 = Debug|x64
		{EFCA3B82-36B0-42B9-8341-E6EABCEDAB39}.Debug|x86.ActiveCfg = Debug|Win32
		{EFCA3B82-36B0-42B9-8341-E6EABCEDAB39}.Debug|x86.Build.0 = Debug|Win32
		{EFCA3B82-36B0-42B9-8341-E6EABCEDAB39}.Release|x64.ActiveCfg = Release|x64
		{EFCA3B82-36B0-42B9-8341-E6EABCEDAB39}.Release|x64.Build.0 = Release|x64
		{EFCA3B82-36B0-42B9-8341-E6EABCEDAB39}.Release|x86.ActiveCfg = Release|Win32
		{EFCA3B82-36B0-42B9-8341-E6EABCEDAB39}.Release|x86.Build.0 = Release|Win32
		{9A84F66C-09A0-4C9F-BEF9-42A30A94F11B}.Debug|x64.ActiveCfg = Debug|x64
		{9A84F66C-09A0-4C9F-BEF9-42A30A94F11B}.Debug|x64.Build.0 = Debug|x64
		{9A84F66C-09A0-4C9F-BEF9-42A30A94F11B}.Debug|x86.ActiveCfg = Debug|Win32
		{9A84F66C-09A0-4C9F-BEF9-42A30A94F11B}.Debug|x86.Build.0 = Debug|Win32
		{9A84F66C-09A0-4C9F-BEF9-42A30A94F11B}.Release|x64.ActiveCfg = Release|x64
		{9A84F66C-09A0-4C9F-BEF9-42A30A94F11B}.Release|x64.Build.0 = Release|x64
		{9A84F66C-09A0-4C9F-BEF9-42A30A94F11B}.Release|x86.ActiveCfg = Release|Win32
		{9A84F66C-09A0-4C9F-BEF9-42A30A94F11B}.Release|x86.Build.0 = Release|Win32
		{51E8FFE9-AA0E-4A3D-AF57-9E3D9C87ACBE}.Debug|x64.ActiveCfg = Debug|x64
		{51E8FFE9-AA0E-4A3D-AF57-9E3D9C87ACBE}.Debug|x64.Build.0 = Debug|x64
		{51E8FFE9-AA0E-4A3D-AF57-9E3D9C87ACBE}.Debug|x86.ActiveCfg = Debug|Win32
		{51E8FFE9-AA0E-4A3D-AF57-9E3D9C87ACBE}.Debug|x86.Build.0 = Debug|Win32
		{51E8FFE9-AA0E-4A3D-AF57-9E3D9C87ACBE}.Release|x64.ActiveCfg = Release|x64
		{51E8FFE9-AA0E-4A3D-AF57-9E3D9C87ACBE}.Release|x64.Build.0 = Release|x64
		{51E8FFE9-AA0E-4A3D-AF57-9E3D9C87ACBE}.Release|x86.ActiveCfg = Release|Win32
		{51E8FFE9-AA0E-4A3D-AF57-9E3D9C87ACBE}.Release|x86.Build.0 = Release|Win32
		{AE8497A4-162C-4C3B-9801-D604074ABA71}.Debug|x64.ActiveCfg = Debug|x64
		{AE8497A4-162C-4C3B-9801-D604074ABA71}.Debug|x64.Build.0 = Debug|x64
		{AE8497A4-162C-4C3B-9801-D604074ABA71}.Debug|x86.ActiveCfg = Debug|Win32
		{AE8497A4-162C-4C3B-9801-D604074ABA71}.Debug|x86.Build.0 = Debug|Win32
		{AE8497A4-162C-4C3B-9801-D604074ABA71}.Release|x64.ActiveCfg = Release|x64
		{AE8497A4-162C-4C3B-9801-D604074ABA71}.Release|x64.Build.0 = Release|x64
		{AE8497A4-162C-4C3B-9801-D604074ABA71}.Release|x86.ActiveCfg = Release|Win32
		{AE8497A4-162C-4C3B-9801-D604074ABA71}.Release|x86.Build.0 = Release|Win32
		{EE93B748-21FE-42A9-BAE6-985759413293}.Debug|x64.ActiveCfg = Debug|x64
		{EE93B748-21FE-42A9-BAE6-985759413293}.Debug|x64.Build.0 = Debug|x64
		{EE93B748-21FE-42A9-BAE6-985759413293}.Debug|x86.ActiveCfg = Debug|Win32
		{EE93B748-21FE-42A9-BAE6-985759413293}.Debug|x86.Build.0 = Debug|Win32
		{EE93B748-21FE-42A9-BAE6-985759413293}.Release|x64.ActiveCfg = Release|x64
		{EE93B748-21FE-42A9-BAE6-985759413293}.Release|x64.Build.0 = Release|x64
		{EE93B748-21FE-42A9-BAE6-985759413293}.Release|x86.ActiveCfg = Release|Win32
		{EE93B748-21FE-42A9-BAE6-985759413293}.Release|x86.Build.0 = Release|Win32
		{FC22026C-CD60-4CE0-923D-23227FB44562}.Debug|x64.ActiveCfg = Debug|x64
		{FC22026C-CD60-4CE0-923D-23227FB44562}.Debug|x64.Build.0 = Debug|x64
		{FC22026C-CD60-4CE0-923D-23227FB44562}.Debug|x86.ActiveCfg = Debug|Win32
		{FC22026C-CD60-4CE0-923D-23227FB44562}.Debug|x86.Build.0 = Debug|Win32
		{FC22026C-CD60-4CE0-923D-23227FB44562}.Release|x64.ActiveCfg = Release|x64
		{FC22026C-CD60-4CE0-923D-23227FB44562}.Release|x64.Build.0 = Release|x64
		{FC22026C-CD60-4CE0-923D-23227FB44562}.Release|x86.ActiveCfg = Release|Win32
		{FC22026C-CD60-4CE0-923D-23227FB44562}.Release|x86.Build.0 = Release|Win32
		{83CEE348-44CF-495B-8070-A263A8DBBC11}.Debug|x64.ActiveCfg = Debug|x64
		{83CEE348-44CF-495B-8070-A263A8DBBC11}.Debug|x64.Build.0 = Debug|x64
		{83CEE348-44CF-495B-8070-A263A8DBBC11}.Debug|x86.ActiveCfg = Debug|Win32
		{83CEE348-44CF-495B-8070-A263A8DBBC11}.Debug|x86.Build.0 = Debug|Win32
		{83CEE348-44CF-495B-8070-A263A8DBBC11}.Release|x64.ActiveCfg = Release|x64
		{83CEE348-44CF-495B-8070-A263A8DBBC11}.Release|x64.Build.0 = Release|x64
		{83CEE348-44CF-495B-8070-A263A8DBBC11}.Release|x86.ActiveCfg = Release|Win32
		{83CEE348-44CF-495B-8070-A263A8DBBC11}.Release|x86.Build.0 = Release|Win32
		{335D483D-552A-4DA2-9B19-7E1CAC2539E1}.Debug|x64.ActiveCfg = Debug|x64
		{335D483D-552A-4DA2-9B19-7E1CAC2539E1}.Debug|x64.Build.0 = Debug|x64
		{335D483D-552A-4DA2-9B19-7E1CAC2539E1}.Debug|x86.ActiveCfg = Debug|Win32
		{335D483D-552A-4DA2-9B19-7E1CAC2539E1}.Debug|x86.Build.0 = Debug|Win32
		{335D483D-552A-4DA2-9B19-7E1CAC2539E1}.Release|x64.ActiveCfg = Release|x64
		{335D483D-552A-4DA2-9B19-7E1CAC2539E1}.Release|x64.Build.0 = Release|x64
		{335D483D-552A-4DA2-9B19-7E1CAC2539E1}.Release|x86.ActiveCfg = Release|Win32
		{335D483D-552A-4DA2-9B19-7E1CAC2539E1}.Release|x86.Build.0 = Release|Win32
	EndGlobalSection
	GlobalSection(SolutionProperties) = preSolution
		HideSolutionNode = FALSE
	EndGlobalSection
	GlobalSection(ExtensibilityGlobals) = postSolution
		SolutionGuid = {FE5970C2-29A3-4C31-AFA3-8A1FF8535947}
	EndGlobalSection
EndGlobal
